// !$*UTF8*$!
{
	archiveVersion = 1;
	classes = {
	};
	objectVersion = 50;
	objects = {

/* Begin PBXBuildFile section */
		67585AD024898020000DBE5F /* LICENSE in Resources */ = {isa = PBXBuildFile; fileRef = 67585ACF2489801F000DBE5F /* LICENSE */; };
		6764311224868EF500C3F577 /* EasyString.framework in Frameworks */ = {isa = PBXBuildFile; fileRef = 6764310824868EF500C3F577 /* EasyString.framework */; };
		6764311724868EF500C3F577 /* EasyStringTests.swift in Sources */ = {isa = PBXBuildFile; fileRef = 6764311624868EF500C3F577 /* EasyStringTests.swift */; };
		6764312324868FEB00C3F577 /* EasyString.swift in Sources */ = {isa = PBXBuildFile; fileRef = 6764312224868FEB00C3F577 /* EasyString.swift */; };
/* End PBXBuildFile section */

/* Begin PBXContainerItemProxy section */
		6764311324868EF500C3F577 /* PBXContainerItemProxy */ = {
			isa = PBXContainerItemProxy;
			containerPortal = 676430FF24868EF500C3F577 /* Project object */;
			proxyType = 1;
			remoteGlobalIDString = 6764310724868EF500C3F577;
			remoteInfo = EasyString;
		};
/* End PBXContainerItemProxy section */

/* Begin PBXFileReference section */
		67585ACF2489801F000DBE5F /* LICENSE */ = {isa = PBXFileReference; fileEncoding = 4; lastKnownFileType = text; path = LICENSE; sourceTree = "<group>"; };
		6764310824868EF500C3F577 /* EasyString.framework */ = {isa = PBXFileReference; explicitFileType = wrapper.framework; includeInIndex = 0; path = EasyString.framework; sourceTree = BUILT_PRODUCTS_DIR; };
		6764310C24868EF500C3F577 /* Info.plist */ = {isa = PBXFileReference; lastKnownFileType = text.plist.xml; path = Info.plist; sourceTree = "<group>"; };
		6764311124868EF500C3F577 /* EasyStringTests.xctest */ = {isa = PBXFileReference; explicitFileType = wrapper.cfbundle; includeInIndex = 0; path = EasyStringTests.xctest; sourceTree = BUILT_PRODUCTS_DIR; };
		6764311624868EF500C3F577 /* EasyStringTests.swift */ = {isa = PBXFileReference; lastKnownFileType = sourcecode.swift; path = EasyStringTests.swift; sourceTree = "<group>"; };
		6764311824868EF500C3F577 /* Info.plist */ = {isa = PBXFileReference; lastKnownFileType = text.plist.xml; path = Info.plist; sourceTree = "<group>"; };
		6764312224868FEB00C3F577 /* EasyString.swift */ = {isa = PBXFileReference; lastKnownFileType = sourcecode.swift; path = EasyString.swift; sourceTree = "<group>"; };
		67DCFEFB248989D900F63BED /* EasyString.h */ = {isa = PBXFileReference; lastKnownFileType = sourcecode.c.h; path = EasyString.h; sourceTree = "<group>"; };
		67DCFEFC24898A0600F63BED /* module.modulemap */ = {isa = PBXFileReference; lastKnownFileType = "sourcecode.module-map"; path = module.modulemap; sourceTree = "<group>"; };
/* End PBXFileReference section */

/* Begin PBXFrameworksBuildPhase section */
		6764310524868EF500C3F577 /* Frameworks */ = {
			isa = PBXFrameworksBuildPhase;
			buildActionMask = 2147483647;
			files = (
			);
			runOnlyForDeploymentPostprocessing = 0;
		};
		6764310E24868EF500C3F577 /* Frameworks */ = {
			isa = PBXFrameworksBuildPhase;
			buildActionMask = 2147483647;
			files = (
				6764311224868EF500C3F577 /* EasyString.framework in Frameworks */,
			);
			runOnlyForDeploymentPostprocessing = 0;
		};
/* End PBXFrameworksBuildPhase section */

/* Begin PBXGroup section */
		676430FE24868EF500C3F577 = {
			isa = PBXGroup;
			children = (
				67585ACF2489801F000DBE5F /* LICENSE */,
				6764310A24868EF500C3F577 /* EasyString */,
				6764311524868EF500C3F577 /* EasyStringTests */,
				6764310924868EF500C3F577 /* Products */,
			);
			sourceTree = "<group>";
		};
		6764310924868EF500C3F577 /* Products */ = {
			isa = PBXGroup;
			children = (
				6764310824868EF500C3F577 /* EasyString.framework */,
				6764311124868EF500C3F577 /* EasyStringTests.xctest */,
			);
			name = Products;
			sourceTree = "<group>";
		};
		6764310A24868EF500C3F577 /* EasyString */ = {
			isa = PBXGroup;
			children = (
				6764310C24868EF500C3F577 /* Info.plist */,
				6764312224868FEB00C3F577 /* EasyString.swift */,
				67DCFEFB248989D900F63BED /* EasyString.h */,
				67DCFEFC24898A0600F63BED /* module.modulemap */,
			);
			path = EasyString;
			sourceTree = "<group>";
		};
		6764311524868EF500C3F577 /* EasyStringTests */ = {
			isa = PBXGroup;
			children = (
				6764311624868EF500C3F577 /* EasyStringTests.swift */,
				6764311824868EF500C3F577 /* Info.plist */,
			);
			path = EasyStringTests;
			sourceTree = "<group>";
		};
/* End PBXGroup section */

/* Begin PBXHeadersBuildPhase section */
		6764310324868EF500C3F577 /* Headers */ = {
			isa = PBXHeadersBuildPhase;
			buildActionMask = 2147483647;
			files = (
			);
			runOnlyForDeploymentPostprocessing = 0;
		};
/* End PBXHeadersBuildPhase section */

/* Begin PBXNativeTarget section */
		6764310724868EF500C3F577 /* EasyString */ = {
			isa = PBXNativeTarget;
			buildConfigurationList = 6764311C24868EF500C3F577 /* Build configuration list for PBXNativeTarget "EasyString" */;
			buildPhases = (
				6764310324868EF500C3F577 /* Headers */,
				6764310424868EF500C3F577 /* Sources */,
				6764310524868EF500C3F577 /* Frameworks */,
				6764310624868EF500C3F577 /* Resources */,
			);
			buildRules = (
			);
			dependencies = (
			);
			name = EasyString;
			productName = EasyString;
			productReference = 6764310824868EF500C3F577 /* EasyString.framework */;
			productType = "com.apple.product-type.framework";
		};
		6764311024868EF500C3F577 /* EasyStringTests */ = {
			isa = PBXNativeTarget;
			buildConfigurationList = 6764311F24868EF500C3F577 /* Build configuration list for PBXNativeTarget "EasyStringTests" */;
			buildPhases = (
				6764310D24868EF500C3F577 /* Sources */,
				6764310E24868EF500C3F577 /* Frameworks */,
				6764310F24868EF500C3F577 /* Resources */,
			);
			buildRules = (
			);
			dependencies = (
				6764311424868EF500C3F577 /* PBXTargetDependency */,
			);
			name = EasyStringTests;
			productName = EasyStringTests;
			productReference = 6764311124868EF500C3F577 /* EasyStringTests.xctest */;
			productType = "com.apple.product-type.bundle.unit-test";
		};
/* End PBXNativeTarget section */

/* Begin PBXProject section */
		676430FF24868EF500C3F577 /* Project object */ = {
			isa = PBXProject;
			attributes = {
				LastSwiftUpdateCheck = 1140;
				LastUpgradeCheck = 1140;
				ORGANIZATIONNAME = "Dario Pellegrini";
				TargetAttributes = {
					6764310724868EF500C3F577 = {
						CreatedOnToolsVersion = 11.4.1;
						LastSwiftMigration = 1140;
					};
					6764311024868EF500C3F577 = {
						CreatedOnToolsVersion = 11.4.1;
					};
				};
			};
			buildConfigurationList = 6764310224868EF500C3F577 /* Build configuration list for PBXProject "EasyString" */;
			compatibilityVersion = "Xcode 9.3";
			developmentRegion = en;
			hasScannedForEncodings = 0;
			knownRegions = (
				en,
				Base,
			);
			mainGroup = 676430FE24868EF500C3F577;
			productRefGroup = 6764310924868EF500C3F577 /* Products */;
			projectDirPath = "";
			projectRoot = "";
			targets = (
				6764310724868EF500C3F577 /* EasyString */,
				6764311024868EF500C3F577 /* EasyStringTests */,
			);
		};
/* End PBXProject section */

/* Begin PBXResourcesBuildPhase section */
		6764310624868EF500C3F577 /* Resources */ = {
			isa = PBXResourcesBuildPhase;
			buildActionMask = 2147483647;
			files = (
				67585AD024898020000DBE5F /* LICENSE in Resources */,
			);
			runOnlyForDeploymentPostprocessing = 0;
		};
		6764310F24868EF500C3F577 /* Resources */ = {
			isa = PBXResourcesBuildPhase;
			buildActionMask = 2147483647;
			files = (
			);
			runOnlyForDeploymentPostprocessing = 0;
		};
/* End PBXResourcesBuildPhase section */

/* Begin PBXSourcesBuildPhase section */
		6764310424868EF500C3F577 /* Sources */ = {
			isa = PBXSourcesBuildPhase;
			buildActionMask = 2147483647;
			files = (
				6764312324868FEB00C3F577 /* EasyString.swift in Sources */,
			);
			runOnlyForDeploymentPostprocessing = 0;
		};
		6764310D24868EF500C3F577 /* Sources */ = {
			isa = PBXSourcesBuildPhase;
			buildActionMask = 2147483647;
			files = (
				6764311724868EF500C3F577 /* EasyStringTests.swift in Sources */,
			);
			runOnlyForDeploymentPostprocessing = 0;
		};
/* End PBXSourcesBuildPhase section */

/* Begin PBXTargetDependency section */
		6764311424868EF500C3F577 /* PBXTargetDependency */ = {
			isa = PBXTargetDependency;
			target = 6764310724868EF500C3F577 /* EasyString */;
			targetProxy = 6764311324868EF500C3F577 /* PBXContainerItemProxy */;
		};
/* End PBXTargetDependency section */

/* Begin XCBuildConfiguration section */
		6764311A24868EF500C3F577 /* Debug */ = {
			isa = XCBuildConfiguration;
			buildSettings = {
				ALWAYS_SEARCH_USER_PATHS = NO;
				CLANG_ANALYZER_NONNULL = YES;
				CLANG_ANALYZER_NUMBER_OBJECT_CONVERSION = YES_AGGRESSIVE;
				CLANG_CXX_LANGUAGE_STANDARD = "gnu++14";
				CLANG_CXX_LIBRARY = "libc++";
				CLANG_ENABLE_MODULES = YES;
				CLANG_ENABLE_OBJC_ARC = YES;
				CLANG_ENABLE_OBJC_WEAK = YES;
				CLANG_WARN_BLOCK_CAPTURE_AUTORELEASING = YES;
				CLANG_WARN_BOOL_CONVERSION = YES;
				CLANG_WARN_COMMA = YES;
				CLANG_WARN_CONSTANT_CONVERSION = YES;
				CLANG_WARN_DEPRECATED_OBJC_IMPLEMENTATIONS = YES;
				CLANG_WARN_DIRECT_OBJC_ISA_USAGE = YES_ERROR;
				CLANG_WARN_DOCUMENTATION_COMMENTS = YES;
				CLANG_WARN_EMPTY_BODY = YES;
				CLANG_WARN_ENUM_CONVERSION = YES;
				CLANG_WARN_INFINITE_RECURSION = YES;
				CLANG_WARN_INT_CONVERSION = YES;
				CLANG_WARN_NON_LITERAL_NULL_CONVERSION = YES;
				CLANG_WARN_OBJC_IMPLICIT_RETAIN_SELF = YES;
				CLANG_WARN_OBJC_LITERAL_CONVERSION = YES;
				CLANG_WARN_OBJC_ROOT_CLASS = YES_ERROR;
				CLANG_WARN_RANGE_LOOP_ANALYSIS = YES;
				CLANG_WARN_STRICT_PROTOTYPES = YES;
				CLANG_WARN_SUSPICIOUS_MOVE = YES;
				CLANG_WARN_UNGUARDED_AVAILABILITY = YES_AGGRESSIVE;
				CLANG_WARN_UNREACHABLE_CODE = YES;
				CLANG_WARN__DUPLICATE_METHOD_MATCH = YES;
				COPY_PHASE_STRIP = NO;
				CURRENT_PROJECT_VERSION = 1;
				DEBUG_INFORMATION_FORMAT = dwarf;
				ENABLE_STRICT_OBJC_MSGSEND = YES;
				ENABLE_TESTABILITY = YES;
				GCC_C_LANGUAGE_STANDARD = gnu11;
				GCC_DYNAMIC_NO_PIC = NO;
				GCC_NO_COMMON_BLOCKS = YES;
				GCC_OPTIMIZATION_LEVEL = 0;
				GCC_PREPROCESSOR_DEFINITIONS = (
					"DEBUG=1",
					"$(inherited)",
				);
				GCC_WARN_64_TO_32_BIT_CONVERSION = YES;
				GCC_WARN_ABOUT_RETURN_TYPE = YES_ERROR;
				GCC_WARN_UNDECLARED_SELECTOR = YES;
				GCC_WARN_UNINITIALIZED_AUTOS = YES_AGGRESSIVE;
				GCC_WARN_UNUSED_FUNCTION = YES;
				GCC_WARN_UNUSED_VARIABLE = YES;
				IPHONEOS_DEPLOYMENT_TARGET = 13.4;
				MTL_ENABLE_DEBUG_INFO = INCLUDE_SOURCE;
				MTL_FAST_MATH = YES;
				ONLY_ACTIVE_ARCH = YES;
				SDKROOT = iphoneos;
				SWIFT_ACTIVE_COMPILATION_CONDITIONS = DEBUG;
				SWIFT_OPTIMIZATION_LEVEL = "-Onone";
				VERSIONING_SYSTEM = "apple-generic";
				VERSION_INFO_PREFIX = "";
			};
			name = Debug;
		};
		6764311B24868EF500C3F577 /* Release */ = {
			isa = XCBuildConfiguration;
			buildSettings = {
				ALWAYS_SEARCH_USER_PATHS = NO;
				CLANG_ANALYZER_NONNULL = YES;
				CLANG_ANALYZER_NUMBER_OBJECT_CONVERSION = YES_AGGRESSIVE;
				CLANG_CXX_LANGUAGE_STANDARD = "gnu++14";
				CLANG_CXX_LIBRARY = "libc++";
				CLANG_ENABLE_MODULES = YES;
				CLANG_ENABLE_OBJC_ARC = YES;
				CLANG_ENABLE_OBJC_WEAK = YES;
				CLANG_WARN_BLOCK_CAPTURE_AUTORELEASING = YES;
				CLANG_WARN_BOOL_CONVERSION = YES;
				CLANG_WARN_COMMA = YES;
				CLANG_WARN_CONSTANT_CONVERSION = YES;
				CLANG_WARN_DEPRECATED_OBJC_IMPLEMENTATIONS = YES;
				CLANG_WARN_DIRECT_OBJC_ISA_USAGE = YES_ERROR;
				CLANG_WARN_DOCUMENTATION_COMMENTS = YES;
				CLANG_WARN_EMPTY_BODY = YES;
				CLANG_WARN_ENUM_CONVERSION = YES;
				CLANG_WARN_INFINITE_RECURSION = YES;
				CLANG_WARN_INT_CONVERSION = YES;
				CLANG_WARN_NON_LITERAL_NULL_CONVERSION = YES;
				CLANG_WARN_OBJC_IMPLICIT_RETAIN_SELF = YES;
				CLANG_WARN_OBJC_LITERAL_CONVERSION = YES;
				CLANG_WARN_OBJC_ROOT_CLASS = YES_ERROR;
				CLANG_WARN_RANGE_LOOP_ANALYSIS = YES;
				CLANG_WARN_STRICT_PROTOTYPES = YES;
				CLANG_WARN_SUSPICIOUS_MOVE = YES;
				CLANG_WARN_UNGUARDED_AVAILABILITY = YES_AGGRESSIVE;
				CLANG_WARN_UNREACHABLE_CODE = YES;
				CLANG_WARN__DUPLICATE_METHOD_MATCH = YES;
				COPY_PHASE_STRIP = NO;
				CURRENT_PROJECT_VERSION = 1;
				DEBUG_INFORMATION_FORMAT = "dwarf-with-dsym";
				ENABLE_NS_ASSERTIONS = NO;
				ENABLE_STRICT_OBJC_MSGSEND = YES;
				GCC_C_LANGUAGE_STANDARD = gnu11;
				GCC_NO_COMMON_BLOCKS = YES;
				GCC_WARN_64_TO_32_BIT_CONVERSION = YES;
				GCC_WARN_ABOUT_RETURN_TYPE = YES_ERROR;
				GCC_WARN_UNDECLARED_SELECTOR = YES;
				GCC_WARN_UNINITIALIZED_AUTOS = YES_AGGRESSIVE;
				GCC_WARN_UNUSED_FUNCTION = YES;
				GCC_WARN_UNUSED_VARIABLE = YES;
				IPHONEOS_DEPLOYMENT_TARGET = 13.4;
				MTL_ENABLE_DEBUG_INFO = NO;
				MTL_FAST_MATH = YES;
				SDKROOT = iphoneos;
				SWIFT_COMPILATION_MODE = wholemodule;
				SWIFT_OPTIMIZATION_LEVEL = "-O";
				VALIDATE_PRODUCT = YES;
				VERSIONING_SYSTEM = "apple-generic";
				VERSION_INFO_PREFIX = "";
			};
			name = Release;
		};
		6764311D24868EF500C3F577 /* Debug */ = {
			isa = XCBuildConfiguration;
			buildSettings = {
				CLANG_ENABLE_MODULES = YES;
				CODE_SIGN_STYLE = Automatic;
				DEFINES_MODULE = YES;
				DEVELOPMENT_TEAM = SDK36A53QL;
				DYLIB_COMPATIBILITY_VERSION = 1;
				DYLIB_CURRENT_VERSION = 1;
				DYLIB_INSTALL_NAME_BASE = "@rpath";
				INFOPLIST_FILE = EasyString/Info.plist;
				INSTALL_PATH = "$(LOCAL_LIBRARY_DIR)/Frameworks";
				LD_RUNPATH_SEARCH_PATHS = (
					"$(inherited)",
					"@executable_path/Frameworks",
					"@loader_path/Frameworks",
				);
				PRODUCT_BUNDLE_IDENTIFIER = com.dariopellegrini.EasyString;
				PRODUCT_NAME = "$(TARGET_NAME:c99extidentifier)";
				SKIP_INSTALL = YES;
				SWIFT_OPTIMIZATION_LEVEL = "-Onone";
				SWIFT_VERSION = 5.0;
				TARGETED_DEVICE_FAMILY = "1,2";
			};
			name = Debug;
		};
		6764311E24868EF500C3F577 /* Release */ = {
			isa = XCBuildConfiguration;
			buildSettings = {
				CLANG_ENABLE_MODULES = YES;
				CODE_SIGN_STYLE = Automatic;
				DEFINES_MODULE = YES;
				DEVELOPMENT_TEAM = SDK36A53QL;
				DYLIB_COMPATIBILITY_VERSION = 1;
				DYLIB_CURRENT_VERSION = 1;
				DYLIB_INSTALL_NAME_BASE = "@rpath";
				INFOPLIST_FILE = EasyString/Info.plist;
				INSTALL_PATH = "$(LOCAL_LIBRARY_DIR)/Frameworks";
				LD_RUNPATH_SEARCH_PATHS = (
					"$(inherited)",
					"@executable_path/Frameworks",
					"@loader_path/Frameworks",
				);
				PRODUCT_BUNDLE_IDENTIFIER = com.dariopellegrini.EasyString;
				PRODUCT_NAME = "$(TARGET_NAME:c99extidentifier)";
				SKIP_INSTALL = YES;
				SWIFT_VERSION = 5.0;
				TARGETED_DEVICE_FAMILY = "1,2";
			};
			name = Release;
		};
		6764312024868EF500C3F577 /* Debug */ = {
			isa = XCBuildConfiguration;
			buildSettings = {
				ALWAYS_EMBED_SWIFT_STANDARD_LIBRARIES = YES;
				CODE_SIGN_STYLE = Automatic;
				DEVELOPMENT_TEAM = SDK36A53QL;
				INFOPLIST_FILE = EasyStringTests/Info.plist;
				LD_RUNPATH_SEARCH_PATHS = (
					"$(inherited)",
					"@executable_path/Frameworks",
					"@loader_path/Frameworks",
				);
				PRODUCT_BUNDLE_IDENTIFIER = com.dariopellegrini.EasyStringTests;
				PRODUCT_NAME = "$(TARGET_NAME)";
				SWIFT_VERSION = 5.0;
				TARGETED_DEVICE_FAMILY = "1,2";
			};
			name = Debug;
		};
		6764312124868EF500C3F577 /* Release */ = {
			isa = XCBuildConfiguration;
			buildSettings = {
				ALWAYS_EMBED_SWIFT_STANDARD_LIBRARIES = YES;
				CODE_SIGN_STYLE = Automatic;
				DEVELOPMENT_TEAM = SDK36A53QL;
				INFOPLIST_FILE = EasyStringTests/Info.plist;
				LD_RUNPATH_SEARCH_PATHS = (
					"$(inherited)",
					"@executable_path/Frameworks",
					"@loader_path/Frameworks",
				);
				PRODUCT_BUNDLE_IDENTIFIER = com.dariopellegrini.EasyStringTests;
				PRODUCT_NAME = "$(TARGET_NAME)";
				SWIFT_VERSION = 5.0;
				TARGETED_DEVICE_FAMILY = "1,2";
			};
			name = Release;
		};
/* End XCBuildConfiguration section */

/* Begin XCConfigurationList section */
		6764310224868EF500C3F577 /* Build configuration list for PBXProject "EasyString" */ = {
			isa = XCConfigurationList;
			buildConfigurations = (
				6764311A24868EF500C3F577 /* Debug */,
				6764311B24868EF500C3F577 /* Release */,
			);
			defaultConfigurationIsVisible = 0;
			defaultConfigurationName = Release;
		};
		6764311C24868EF500C3F577 /* Build configuration list for PBXNativeTarget "EasyString" */ = {
			isa = XCConfigurationList;
			buildConfigurations = (
				6764311D24868EF500C3F577 /* Debug */,
				6764311E24868EF500C3F577 /* Release */,
			);
			defaultConfigurationIsVisible = 0;
			defaultConfigurationName = Release;
		};
		6764311F24868EF500C3F577 /* Build configuration list for PBXNativeTarget "EasyStringTests" */ = {
			isa = XCConfigurationList;
			buildConfigurations = (
				6764312024868EF500C3F577 /* Debug */,
				6764312124868EF500C3F577 /* Release */,
			);
			defaultConfigurationIsVisible = 0;
			defaultConfigurationName = Release;
		};
/* End XCConfigurationList section */
	};
	rootObject = 676430FF24868EF500C3F577 /* Project object */;
}
